
Microsoft Visual Studio Solution File, Format Version 12.00
# Visual Studio Version 16
VisualStudioVersion = 16.0.31727.386
MinimumVisualStudioVersion = 10.0.40219.1
Project("{FAE04EC0-301F-11D3-BF4B-00C04F79EFBC}") = "01. EncryptSortAndPrintArray", "01. EncryptSortAndPrintArray\01. EncryptSortAndPrintArray.csproj", "{718454AB-2FFB-43B1-BB35-F7C068F75F28}"
EndProject
Project("{FAE04EC0-301F-11D3-BF4B-00C04F79EFBC}") = "02.PascalTriangle", "02.PascalTriangle\02.PascalTriangle.csproj", "{DA600592-E84B-4D4D-82E7-95189F608D89}"
EndProject
Global
	GlobalSection(SolutionConfigurationPlatforms) = preSolution
		Debug|Any CPU = Debug|Any CPU
		Release|Any CPU = Release|Any CPU
	EndGlobalSection
	GlobalSection(ProjectConfigurationPlatforms) = postSolution
		{718454AB-2FFB-43B1-BB35-F7C068F75F28}.Debug|Any CPU.ActiveCfg = Debug|Any CPU
		{718454AB-2FFB-43B1-BB35-F7C068F75F28}.Debug|Any CPU.Build.0 = Debug|Any CPU
		{718454AB-2FFB-43B1-BB35-F7C068F75F28}.Release|Any CPU.ActiveCfg = Release|Any CPU
		{718454AB-2FFB-43B1-BB35-F7C068F75F28}.Release|Any CPU.Build.0 = Release|Any CPU
		{DA600592-E84B-4D4D-82E7-95189F608D89}.Debug|Any CPU.ActiveCfg = Debug|Any CPU
		{DA600592-E84B-4D4D-82E7-95189F608D89}.Debug|Any CPU.Build.0 = Debug|Any CPU
		{DA600592-E84B-4D4D-82E7-95189F608D89}.Release|Any CPU.ActiveCfg = Release|Any CPU
		{DA600592-E84B-4D4D-82E7-95189F608D89}.Release|Any CPU.Build.0 = Release|Any CPU
	EndGlobalSection
	GlobalSection(SolutionProperties) = preSolution
		HideSolutionNode = FALSE
	EndGlobalSection
	GlobalSection(ExtensibilityGlobals) = postSolution
		SolutionGuid = {95F8A84C-D513-4B03-B267-388D475C4C60}
	EndGlobalSection
EndGlobal
