
Microsoft Visual Studio Solution File, Format Version 12.00
# Visual Studio Version 16
VisualStudioVersion = 16.0.31727.386
MinimumVisualStudioVersion = 10.0.40219.1
Project("{9A19103F-16F7-4668-BE54-9A1E7A4F7556}") = "01.MatchFullName", "01.MatchFullName\01.MatchFullName.csproj", "{A7747B2F-AA8D-4831-BCDF-4E1A7309F9B9}"
EndProject
Project("{9A19103F-16F7-4668-BE54-9A1E7A4F7556}") = "02.MatchPhoneNumber", "02.MatchPhoneNumber\02.MatchPhoneNumber.csproj", "{E4D062C5-247C-4A56-982F-F880A4D4AD18}"
EndProject
Project("{FAE04EC0-301F-11D3-BF4B-00C04F79EFBC}") = "03.MatchDates", "03.MatchDates\03.MatchDates.csproj", "{31340F74-6447-4BFF-98C9-29F92AA20581}"
EndProject
Global
	GlobalSection(SolutionConfigurationPlatforms) = preSolution
		Debug|Any CPU = Debug|Any CPU
		Release|Any CPU = Release|Any CPU
	EndGlobalSection
	GlobalSection(ProjectConfigurationPlatforms) = postSolution
		{A7747B2F-AA8D-4831-BCDF-4E1A7309F9B9}.Debug|Any CPU.ActiveCfg = Debug|Any CPU
		{A7747B2F-AA8D-4831-BCDF-4E1A7309F9B9}.Debug|Any CPU.Build.0 = Debug|Any CPU
		{A7747B2F-AA8D-4831-BCDF-4E1A7309F9B9}.Release|Any CPU.ActiveCfg = Release|Any CPU
		{A7747B2F-AA8D-4831-BCDF-4E1A7309F9B9}.Release|Any CPU.Build.0 = Release|Any CPU
		{E4D062C5-247C-4A56-982F-F880A4D4AD18}.Debug|Any CPU.ActiveCfg = Debug|Any CPU
		{E4D062C5-247C-4A56-982F-F880A4D4AD18}.Debug|Any CPU.Build.0 = Debug|Any CPU
		{E4D062C5-247C-4A56-982F-F880A4D4AD18}.Release|Any CPU.ActiveCfg = Release|Any CPU
		{E4D062C5-247C-4A56-982F-F880A4D4AD18}.Release|Any CPU.Build.0 = Release|Any CPU
		{31340F74-6447-4BFF-98C9-29F92AA20581}.Debug|Any CPU.ActiveCfg = Debug|Any CPU
		{31340F74-6447-4BFF-98C9-29F92AA20581}.Debug|Any CPU.Build.0 = Debug|Any CPU
		{31340F74-6447-4BFF-98C9-29F92AA20581}.Release|Any CPU.ActiveCfg = Release|Any CPU
		{31340F74-6447-4BFF-98C9-29F92AA20581}.Release|Any CPU.Build.0 = Release|Any CPU
	EndGlobalSection
	GlobalSection(SolutionProperties) = preSolution
		HideSolutionNode = FALSE
	EndGlobalSection
	GlobalSection(ExtensibilityGlobals) = postSolution
		SolutionGuid = {C9D35B28-CA34-43BE-9F73-C9EAE4B57662}
	EndGlobalSection
EndGlobal
