
Microsoft Visual Studio Solution File, Format Version 12.00
# Visual Studio Version 16
VisualStudioVersion = 16.0.31727.386
MinimumVisualStudioVersion = 10.0.40219.1
Project("{9A19103F-16F7-4668-BE54-9A1E7A4F7556}") = "01.Furniture", "01.Furniture\01.Furniture.csproj", "{09A876B8-6C88-4A15-9110-B29A9D0B8243}"
EndProject
Project("{9A19103F-16F7-4668-BE54-9A1E7A4F7556}") = "02.Race", "02.Race\02.Race.csproj", "{F2E74D65-2011-40A3-ACA2-2F3344429B23}"
EndProject
Project("{FAE04EC0-301F-11D3-BF4B-00C04F79EFBC}") = "03.SoftUniBarIncome", "03.SoftUniBarIncome\03.SoftUniBarIncome.csproj", "{8FD22346-1CB7-49BB-BF2B-40DE18BDA0ED}"
EndProject
Global
	GlobalSection(SolutionConfigurationPlatforms) = preSolution
		Debug|Any CPU = Debug|Any CPU
		Release|Any CPU = Release|Any CPU
	EndGlobalSection
	GlobalSection(ProjectConfigurationPlatforms) = postSolution
		{09A876B8-6C88-4A15-9110-B29A9D0B8243}.Debug|Any CPU.ActiveCfg = Debug|Any CPU
		{09A876B8-6C88-4A15-9110-B29A9D0B8243}.Debug|Any CPU.Build.0 = Debug|Any CPU
		{09A876B8-6C88-4A15-9110-B29A9D0B8243}.Release|Any CPU.ActiveCfg = Release|Any CPU
		{09A876B8-6C88-4A15-9110-B29A9D0B8243}.Release|Any CPU.Build.0 = Release|Any CPU
		{F2E74D65-2011-40A3-ACA2-2F3344429B23}.Debug|Any CPU.ActiveCfg = Debug|Any CPU
		{F2E74D65-2011-40A3-ACA2-2F3344429B23}.Debug|Any CPU.Build.0 = Debug|Any CPU
		{F2E74D65-2011-40A3-ACA2-2F3344429B23}.Release|Any CPU.ActiveCfg = Release|Any CPU
		{F2E74D65-2011-40A3-ACA2-2F3344429B23}.Release|Any CPU.Build.0 = Release|Any CPU
		{8FD22346-1CB7-49BB-BF2B-40DE18BDA0ED}.Debug|Any CPU.ActiveCfg = Debug|Any CPU
		{8FD22346-1CB7-49BB-BF2B-40DE18BDA0ED}.Debug|Any CPU.Build.0 = Debug|Any CPU
		{8FD22346-1CB7-49BB-BF2B-40DE18BDA0ED}.Release|Any CPU.ActiveCfg = Release|Any CPU
		{8FD22346-1CB7-49BB-BF2B-40DE18BDA0ED}.Release|Any CPU.Build.0 = Release|Any CPU
	EndGlobalSection
	GlobalSection(SolutionProperties) = preSolution
		HideSolutionNode = FALSE
	EndGlobalSection
	GlobalSection(ExtensibilityGlobals) = postSolution
		SolutionGuid = {3DFF52F3-8655-431E-A7AF-8D16FD09CAD5}
	EndGlobalSection
EndGlobal
